
Microsoft Visual Studio Solution File, Format Version 12.00
# Visual Studio Version 17
VisualStudioVersion = 17.14.36511.14
MinimumVisualStudioVersion = 10.0.40219.1
Project("{FAE04EC0-301F-11D3-BF4B-00C04F79EFBC}") = "HelperAsta", "src\HelperAsta.csproj", "{6436008F-23C7-0308-7096-C66619C70AA5}"
EndProject
Global
	GlobalSection(SolutionConfigurationPlatforms) = preSolution
		Debug|Any CPU = Debug|Any CPU
		Release|Any CPU = Release|Any CPU
	EndGlobalSection
	GlobalSection(ProjectConfigurationPlatforms) = postSolution
		{6436008F-23C7-0308-7096-C66619C70AA5}.Debug|Any CPU.ActiveCfg = Debug|Any CPU
		{6436008F-23C7-0308-7096-C66619C70AA5}.Debug|Any CPU.Build.0 = Debug|Any CPU
		{6436008F-23C7-0308-7096-C66619C70AA5}.Release|Any CPU.ActiveCfg = Release|Any CPU
		{6436008F-23C7-0308-7096-C66619C70AA5}.Release|Any CPU.Build.0 = Release|Any CPU
	EndGlobalSection
	GlobalSection(SolutionProperties) = preSolution
		HideSolutionNode = FALSE
	EndGlobalSection
	GlobalSection(ExtensibilityGlobals) = postSolution
		SolutionGuid = {423816E1-96F6-47EF-B32A-A49B4C10B2F9}
	EndGlobalSection
EndGlobal
